// !$*UTF8*$!
{
	archiveVersion = 1;
	classes = {
	};
	objectVersion = 46;
	objects = {

/* Begin PBXBuildFile section */
		7353CFA71F451CFA006AAA92 /* LastNightController.swift in Sources */ = {isa = PBXBuildFile; fileRef = 7353CFA61F451CFA006AAA92 /* LastNightController.swift */; };
		73A691C11F3E0DF200348D16 /* SplashScreenController.swift in Sources */ = {isa = PBXBuildFile; fileRef = 73A691C01F3E0DF200348D16 /* SplashScreenController.swift */; };
		73A691C51F3E0F7A00348D16 /* Tutorial.storyboard in Resources */ = {isa = PBXBuildFile; fileRef = 73A691C41F3E0F7A00348D16 /* Tutorial.storyboard */; };
		73A691C71F3E0FF200348D16 /* TutorialController.swift in Sources */ = {isa = PBXBuildFile; fileRef = 73A691C61F3E0FF200348D16 /* TutorialController.swift */; };
		73AA90981F412CE60004C849 /* PopDateViewController.xib in Resources */ = {isa = PBXBuildFile; fileRef = 73AA90971F412CE60004C849 /* PopDateViewController.xib */; };
		73AA909A1F412E4D0004C849 /* PopDatePicker.swift in Sources */ = {isa = PBXBuildFile; fileRef = 73AA90991F412E4D0004C849 /* PopDatePicker.swift */; };
		73AA909C1F412E830004C849 /* PopDateViewController.swift in Sources */ = {isa = PBXBuildFile; fileRef = 73AA909B1F412E830004C849 /* PopDateViewController.swift */; };
		73D671E01F4D1D7E00C9AEB0 /* Alcoholtable.swift in Sources */ = {isa = PBXBuildFile; fileRef = 73D671DC1F4D1D7E00C9AEB0 /* Alcoholtable.swift */; };
		73D671E11F4D1D7E00C9AEB0 /* Fields.swift in Sources */ = {isa = PBXBuildFile; fileRef = 73D671DD1F4D1D7E00C9AEB0 /* Fields.swift */; };
		73D671E21F4D1D7E00C9AEB0 /* Locationtable.swift in Sources */ = {isa = PBXBuildFile; fileRef = 73D671DE1F4D1D7E00C9AEB0 /* Locationtable.swift */; };
		73D671E31F4D1D7E00C9AEB0 /* LocFields.swift in Sources */ = {isa = PBXBuildFile; fileRef = 73D671DF1F4D1D7E00C9AEB0 /* LocFields.swift */; };
		73E1ECA11F466CD7006CB12A /* style.json in Resources */ = {isa = PBXBuildFile; fileRef = 73F9E45D1F4628B60034D4E0 /* style.json */; };
		C51667991F302D5B00271CC0 /* JSONHelper.framework in Frameworks */ = {isa = PBXBuildFile; fileRef = C51667981F302D5B00271CC0 /* JSONHelper.framework */; };
		C54D52561E95F6FB00F3EF41 /* Siesta.framework in Frameworks */ = {isa = PBXBuildFile; fileRef = C54D52551E95F6FB00F3EF41 /* Siesta.framework */; };
		C54D52581E95F77100F3EF41 /* Pods_SafeNights.framework in Frameworks */ = {isa = PBXBuildFile; fileRef = C54D52571E95F77100F3EF41 /* Pods_SafeNights.framework */; };
		C54D525A1E95FBC600F3EF41 /* MyAPI.swift in Sources */ = {isa = PBXBuildFile; fileRef = C54D52591E95FBC600F3EF41 /* MyAPI.swift */; };
		C54FC90D1E95DCD900C34D3D /* AppDelegate.swift in Sources */ = {isa = PBXBuildFile; fileRef = C54FC90C1E95DCD900C34D3D /* AppDelegate.swift */; };
		C54FC9121E95DCD900C34D3D /* Main.storyboard in Resources */ = {isa = PBXBuildFile; fileRef = C54FC9101E95DCD900C34D3D /* Main.storyboard */; };
		C54FC9141E95DCD900C34D3D /* Assets.xcassets in Resources */ = {isa = PBXBuildFile; fileRef = C54FC9131E95DCD900C34D3D /* Assets.xcassets */; };
		C54FC9171E95DCD900C34D3D /* LaunchScreen.storyboard in Resources */ = {isa = PBXBuildFile; fileRef = C54FC9151E95DCD900C34D3D /* LaunchScreen.storyboard */; };
		C54FC9211E95E75C00C34D3D /* RegisterController.swift in Sources */ = {isa = PBXBuildFile; fileRef = C54FC9201E95E75C00C34D3D /* RegisterController.swift */; };
		C54FC9231E95F16D00C34D3D /* LoginController.swift in Sources */ = {isa = PBXBuildFile; fileRef = C54FC9221E95F16D00C34D3D /* LoginController.swift */; };
		C574244E1E9809F6006C6E77 /* AddDrinksController.swift in Sources */ = {isa = PBXBuildFile; fileRef = C574244D1E9809F6006C6E77 /* AddDrinksController.swift */; };
		C57424501E9AA4C2006C6E77 /* Global.swift in Sources */ = {isa = PBXBuildFile; fileRef = C574244F1E9AA4C2006C6E77 /* Global.swift */; };
		C57424541E9ACEFC006C6E77 /* MapKit.framework in Frameworks */ = {isa = PBXBuildFile; fileRef = C57424531E9ACEFC006C6E77 /* MapKit.framework */; };
		C5B91DAC1F4DD3BB00CF8067 /* TrackingLocation.swift in Sources */ = {isa = PBXBuildFile; fileRef = C5B91DAB1F4DD3BB00CF8067 /* TrackingLocation.swift */; };
		C5B91DAE1F4DD9EF00CF8067 /* LocationSafetyChecker.swift in Sources */ = {isa = PBXBuildFile; fileRef = C5B91DAD1F4DD9EF00CF8067 /* LocationSafetyChecker.swift */; };
		C5F86AC91EC6F41900386404 /* GetStartedController.swift in Sources */ = {isa = PBXBuildFile; fileRef = C5F86AC81EC6F41900386404 /* GetStartedController.swift */; };
		C5F86ACB1EC6F4D200386404 /* HistoryController.swift in Sources */ = {isa = PBXBuildFile; fileRef = C5F86ACA1EC6F4D200386404 /* HistoryController.swift */; };
		C5F86ACF1ECA12FE00386404 /* CircularSeeker.swift in Sources */ = {isa = PBXBuildFile; fileRef = C5F86ACE1ECA12FE00386404 /* CircularSeeker.swift */; };
		C9B70FDC56A21789CD7A6945 /* Pods_SafeNights.framework in Frameworks */ = {isa = PBXBuildFile; fileRef = 62590A7895014C05A93D0A39 /* Pods_SafeNights.framework */; };
/* End PBXBuildFile section */

/* Begin PBXFileReference section */
		48F085B45E70CF48635816CE /* Pods-SafeNights.release.xcconfig */ = {isa = PBXFileReference; includeInIndex = 1; lastKnownFileType = text.xcconfig; name = "Pods-SafeNights.release.xcconfig"; path = "Pods/Target Support Files/Pods-SafeNights/Pods-SafeNights.release.xcconfig"; sourceTree = "<group>"; };
		62590A7895014C05A93D0A39 /* Pods_SafeNights.framework */ = {isa = PBXFileReference; explicitFileType = wrapper.framework; includeInIndex = 0; path = Pods_SafeNights.framework; sourceTree = BUILT_PRODUCTS_DIR; };
		7353CFA61F451CFA006AAA92 /* LastNightController.swift */ = {isa = PBXFileReference; fileEncoding = 4; lastKnownFileType = sourcecode.swift; path = LastNightController.swift; sourceTree = "<group>"; };
		73A691C01F3E0DF200348D16 /* SplashScreenController.swift */ = {isa = PBXFileReference; fileEncoding = 4; lastKnownFileType = sourcecode.swift; path = SplashScreenController.swift; sourceTree = "<group>"; };
		73A691C41F3E0F7A00348D16 /* Tutorial.storyboard */ = {isa = PBXFileReference; fileEncoding = 4; lastKnownFileType = file.storyboard; path = Tutorial.storyboard; sourceTree = "<group>"; };
		73A691C61F3E0FF200348D16 /* TutorialController.swift */ = {isa = PBXFileReference; fileEncoding = 4; lastKnownFileType = sourcecode.swift; path = TutorialController.swift; sourceTree = "<group>"; };
		73AA90971F412CE60004C849 /* PopDateViewController.xib */ = {isa = PBXFileReference; fileEncoding = 4; lastKnownFileType = file.xib; path = PopDateViewController.xib; sourceTree = "<group>"; };
		73AA90991F412E4D0004C849 /* PopDatePicker.swift */ = {isa = PBXFileReference; fileEncoding = 4; lastKnownFileType = sourcecode.swift; path = PopDatePicker.swift; sourceTree = "<group>"; };
		73AA909B1F412E830004C849 /* PopDateViewController.swift */ = {isa = PBXFileReference; fileEncoding = 4; lastKnownFileType = sourcecode.swift; path = PopDateViewController.swift; sourceTree = "<group>"; };
		73D671DC1F4D1D7E00C9AEB0 /* Alcoholtable.swift */ = {isa = PBXFileReference; fileEncoding = 4; lastKnownFileType = sourcecode.swift; path = Alcoholtable.swift; sourceTree = "<group>"; };
		73D671DD1F4D1D7E00C9AEB0 /* Fields.swift */ = {isa = PBXFileReference; fileEncoding = 4; lastKnownFileType = sourcecode.swift; path = Fields.swift; sourceTree = "<group>"; };
		73D671DE1F4D1D7E00C9AEB0 /* Locationtable.swift */ = {isa = PBXFileReference; fileEncoding = 4; lastKnownFileType = sourcecode.swift; path = Locationtable.swift; sourceTree = "<group>"; };
		73D671DF1F4D1D7E00C9AEB0 /* LocFields.swift */ = {isa = PBXFileReference; fileEncoding = 4; lastKnownFileType = sourcecode.swift; path = LocFields.swift; sourceTree = "<group>"; };
		73F9E45D1F4628B60034D4E0 /* style.json */ = {isa = PBXFileReference; lastKnownFileType = text.json; path = style.json; sourceTree = "<group>"; };
		C51667981F302D5B00271CC0 /* JSONHelper.framework */ = {isa = PBXFileReference; lastKnownFileType = wrapper.framework; name = JSONHelper.framework; path = "../../Library/Developer/Xcode/DerivedData/SafeNights-djdztaoobrrhwlebpzjfrzfvgrpv/Build/Products/Debug-iphonesimulator/JSONHelper/JSONHelper.framework"; sourceTree = "<group>"; };
		C54D52551E95F6FB00F3EF41 /* Siesta.framework */ = {isa = PBXFileReference; lastKnownFileType = wrapper.framework; name = Siesta.framework; path = "../../../../Library/Developer/Xcode/DerivedData/SafeNights-gufakrydpxokzcfhnbmwstaslkfc/Build/Products/Debug-iphonesimulator/Siesta/Siesta.framework"; sourceTree = "<group>"; };
		C54D52571E95F77100F3EF41 /* Pods_SafeNights.framework */ = {isa = PBXFileReference; lastKnownFileType = wrapper.framework; name = Pods_SafeNights.framework; path = "Pods/../build/Debug-iphoneos/Pods_SafeNights.framework"; sourceTree = "<group>"; };
		C54D52591E95FBC600F3EF41 /* MyAPI.swift */ = {isa = PBXFileReference; fileEncoding = 4; lastKnownFileType = sourcecode.swift; path = MyAPI.swift; sourceTree = "<group>"; };
		C54FC9091E95DCD900C34D3D /* SafeNights.app */ = {isa = PBXFileReference; explicitFileType = wrapper.application; includeInIndex = 0; path = SafeNights.app; sourceTree = BUILT_PRODUCTS_DIR; };
		C54FC90C1E95DCD900C34D3D /* AppDelegate.swift */ = {isa = PBXFileReference; lastKnownFileType = sourcecode.swift; path = AppDelegate.swift; sourceTree = "<group>"; };
		C54FC9111E95DCD900C34D3D /* Base */ = {isa = PBXFileReference; lastKnownFileType = file.storyboard; name = Base; path = Base.lproj/Main.storyboard; sourceTree = "<group>"; };
		C54FC9131E95DCD900C34D3D /* Assets.xcassets */ = {isa = PBXFileReference; lastKnownFileType = folder.assetcatalog; path = Assets.xcassets; sourceTree = "<group>"; };
		C54FC9161E95DCD900C34D3D /* Base */ = {isa = PBXFileReference; lastKnownFileType = file.storyboard; name = Base; path = Base.lproj/LaunchScreen.storyboard; sourceTree = "<group>"; };
		C54FC9181E95DCD900C34D3D /* Info.plist */ = {isa = PBXFileReference; lastKnownFileType = text.plist.xml; path = Info.plist; sourceTree = "<group>"; };
		C54FC9201E95E75C00C34D3D /* RegisterController.swift */ = {isa = PBXFileReference; fileEncoding = 4; lastKnownFileType = sourcecode.swift; path = RegisterController.swift; sourceTree = "<group>"; };
		C54FC9221E95F16D00C34D3D /* LoginController.swift */ = {isa = PBXFileReference; fileEncoding = 4; lastKnownFileType = sourcecode.swift; path = LoginController.swift; sourceTree = "<group>"; };
		C574244D1E9809F6006C6E77 /* AddDrinksController.swift */ = {isa = PBXFileReference; fileEncoding = 4; lastKnownFileType = sourcecode.swift; path = AddDrinksController.swift; sourceTree = "<group>"; };
		C574244F1E9AA4C2006C6E77 /* Global.swift */ = {isa = PBXFileReference; fileEncoding = 4; lastKnownFileType = sourcecode.swift; path = Global.swift; sourceTree = "<group>"; };
		C57424531E9ACEFC006C6E77 /* MapKit.framework */ = {isa = PBXFileReference; lastKnownFileType = wrapper.framework; name = MapKit.framework; path = System/Library/Frameworks/MapKit.framework; sourceTree = SDKROOT; };
		C5B91DAB1F4DD3BB00CF8067 /* TrackingLocation.swift */ = {isa = PBXFileReference; fileEncoding = 4; lastKnownFileType = sourcecode.swift; path = TrackingLocation.swift; sourceTree = "<group>"; };
		C5B91DAD1F4DD9EF00CF8067 /* LocationSafetyChecker.swift */ = {isa = PBXFileReference; fileEncoding = 4; lastKnownFileType = sourcecode.swift; path = LocationSafetyChecker.swift; sourceTree = "<group>"; };
		C5F86AC81EC6F41900386404 /* GetStartedController.swift */ = {isa = PBXFileReference; fileEncoding = 4; lastKnownFileType = sourcecode.swift; path = GetStartedController.swift; sourceTree = "<group>"; };
		C5F86ACA1EC6F4D200386404 /* HistoryController.swift */ = {isa = PBXFileReference; fileEncoding = 4; lastKnownFileType = sourcecode.swift; path = HistoryController.swift; sourceTree = "<group>"; };
		C5F86ACE1ECA12FE00386404 /* CircularSeeker.swift */ = {isa = PBXFileReference; fileEncoding = 4; lastKnownFileType = sourcecode.swift; path = CircularSeeker.swift; sourceTree = "<group>"; };
		DAB43022EDCC0D134F9206B0 /* Pods-SafeNights.debug.xcconfig */ = {isa = PBXFileReference; includeInIndex = 1; lastKnownFileType = text.xcconfig; name = "Pods-SafeNights.debug.xcconfig"; path = "Pods/Target Support Files/Pods-SafeNights/Pods-SafeNights.debug.xcconfig"; sourceTree = "<group>"; };
/* End PBXFileReference section */

/* Begin PBXFrameworksBuildPhase section */
		C54FC9061E95DCD900C34D3D /* Frameworks */ = {
			isa = PBXFrameworksBuildPhase;
			buildActionMask = 2147483647;
			files = (
				C51667991F302D5B00271CC0 /* JSONHelper.framework in Frameworks */,
				C57424541E9ACEFC006C6E77 /* MapKit.framework in Frameworks */,
				C54D52581E95F77100F3EF41 /* Pods_SafeNights.framework in Frameworks */,
				C54D52561E95F6FB00F3EF41 /* Siesta.framework in Frameworks */,
				C9B70FDC56A21789CD7A6945 /* Pods_SafeNights.framework in Frameworks */,
			);
			runOnlyForDeploymentPostprocessing = 0;
		};
/* End PBXFrameworksBuildPhase section */

/* Begin PBXGroup section */
		1D1241AEADF0B9FB7D268328 /* Frameworks */ = {
			isa = PBXGroup;
			children = (
				C51667981F302D5B00271CC0 /* JSONHelper.framework */,
				C57424531E9ACEFC006C6E77 /* MapKit.framework */,
				C54D52571E95F77100F3EF41 /* Pods_SafeNights.framework */,
				C54D52551E95F6FB00F3EF41 /* Siesta.framework */,
				62590A7895014C05A93D0A39 /* Pods_SafeNights.framework */,
			);
			name = Frameworks;
			sourceTree = "<group>";
		};
		C54FC9001E95DCD900C34D3D = {
			isa = PBXGroup;
			children = (
				C54FC90B1E95DCD900C34D3D /* SafeNights */,
				C54FC90A1E95DCD900C34D3D /* Products */,
				E28F0E51941ACCC0D3580926 /* Pods */,
				1D1241AEADF0B9FB7D268328 /* Frameworks */,
			);
			sourceTree = "<group>";
		};
		C54FC90A1E95DCD900C34D3D /* Products */ = {
			isa = PBXGroup;
			children = (
				C54FC9091E95DCD900C34D3D /* SafeNights.app */,
			);
			name = Products;
			sourceTree = "<group>";
		};
		C54FC90B1E95DCD900C34D3D /* SafeNights */ = {
			isa = PBXGroup;
			children = (
				C54FC90C1E95DCD900C34D3D /* AppDelegate.swift */,
				73A691C01F3E0DF200348D16 /* SplashScreenController.swift */,
				C54FC9151E95DCD900C34D3D /* LaunchScreen.storyboard */,
				73A691C41F3E0F7A00348D16 /* Tutorial.storyboard */,
				C54FC9101E95DCD900C34D3D /* Main.storyboard */,
				C54FC9131E95DCD900C34D3D /* Assets.xcassets */,
				73A691C61F3E0FF200348D16 /* TutorialController.swift */,
				C54FC9221E95F16D00C34D3D /* LoginController.swift */,
				C54FC9201E95E75C00C34D3D /* RegisterController.swift */,
				C5F86AC81EC6F41900386404 /* GetStartedController.swift */,
				C574244D1E9809F6006C6E77 /* AddDrinksController.swift */,
				C5F86ACA1EC6F4D200386404 /* HistoryController.swift */,
				7353CFA61F451CFA006AAA92 /* LastNightController.swift */,
				C54D52591E95FBC600F3EF41 /* MyAPI.swift */,
				C574244F1E9AA4C2006C6E77 /* Global.swift */,
				C5B91DAB1F4DD3BB00CF8067 /* TrackingLocation.swift */,
				C5B91DAD1F4DD9EF00CF8067 /* LocationSafetyChecker.swift */,
				C54FC9181E95DCD900C34D3D /* Info.plist */,
				73AA90971F412CE60004C849 /* PopDateViewController.xib */,
				73AA90991F412E4D0004C849 /* PopDatePicker.swift */,
				73AA909B1F412E830004C849 /* PopDateViewController.swift */,
				C5F86ACE1ECA12FE00386404 /* CircularSeeker.swift */,
				73D671DC1F4D1D7E00C9AEB0 /* Alcoholtable.swift */,
				73D671DD1F4D1D7E00C9AEB0 /* Fields.swift */,
				73D671DE1F4D1D7E00C9AEB0 /* Locationtable.swift */,
				73D671DF1F4D1D7E00C9AEB0 /* LocFields.swift */,
				73F9E45D1F4628B60034D4E0 /* style.json */,
			);
			path = SafeNights;
			sourceTree = "<group>";
		};
		E28F0E51941ACCC0D3580926 /* Pods */ = {
			isa = PBXGroup;
			children = (
				DAB43022EDCC0D134F9206B0 /* Pods-SafeNights.debug.xcconfig */,
				48F085B45E70CF48635816CE /* Pods-SafeNights.release.xcconfig */,
			);
			name = Pods;
			sourceTree = "<group>";
		};
/* End PBXGroup section */

/* Begin PBXNativeTarget section */
		C54FC9081E95DCD900C34D3D /* SafeNights */ = {
			isa = PBXNativeTarget;
			buildConfigurationList = C54FC91B1E95DCD900C34D3D /* Build configuration list for PBXNativeTarget "SafeNights" */;
			buildPhases = (
				B68EDB5A2E8A9315EB66C161 /* [CP] Check Pods Manifest.lock */,
				C54FC9051E95DCD900C34D3D /* Sources */,
				C54FC9061E95DCD900C34D3D /* Frameworks */,
				C54FC9071E95DCD900C34D3D /* Resources */,
				BBC92D6709DFD8566291A779 /* [CP] Embed Pods Frameworks */,
				183EDF78BF9FEA91B220E50E /* [CP] Copy Pods Resources */,
			);
			buildRules = (
			);
			dependencies = (
			);
			name = SafeNights;
			productName = SafeNights;
			productReference = C54FC9091E95DCD900C34D3D /* SafeNights.app */;
			productType = "com.apple.product-type.application";
		};
/* End PBXNativeTarget section */

/* Begin PBXProject section */
		C54FC9011E95DCD900C34D3D /* Project object */ = {
			isa = PBXProject;
			attributes = {
				LastSwiftUpdateCheck = 0820;
				LastUpgradeCheck = 0820;
				ORGANIZATIONNAME = SafeNights;
				TargetAttributes = {
					C54FC9081E95DCD900C34D3D = {
						CreatedOnToolsVersion = 8.2.1;
						ProvisioningStyle = Automatic;
					};
				};
			};
			buildConfigurationList = C54FC9041E95DCD900C34D3D /* Build configuration list for PBXProject "SafeNights" */;
			compatibilityVersion = "Xcode 3.2";
			developmentRegion = English;
			hasScannedForEncodings = 0;
			knownRegions = (
				en,
				Base,
			);
			mainGroup = C54FC9001E95DCD900C34D3D;
			productRefGroup = C54FC90A1E95DCD900C34D3D /* Products */;
			projectDirPath = "";
			projectRoot = "";
			targets = (
				C54FC9081E95DCD900C34D3D /* SafeNights */,
			);
		};
/* End PBXProject section */

/* Begin PBXResourcesBuildPhase section */
		C54FC9071E95DCD900C34D3D /* Resources */ = {
			isa = PBXResourcesBuildPhase;
			buildActionMask = 2147483647;
			files = (
				C54FC9171E95DCD900C34D3D /* LaunchScreen.storyboard in Resources */,
				C54FC9141E95DCD900C34D3D /* Assets.xcassets in Resources */,
				73A691C51F3E0F7A00348D16 /* Tutorial.storyboard in Resources */,
				73E1ECA11F466CD7006CB12A /* style.json in Resources */,
				C54FC9121E95DCD900C34D3D /* Main.storyboard in Resources */,
				73AA90981F412CE60004C849 /* PopDateViewController.xib in Resources */,
			);
			runOnlyForDeploymentPostprocessing = 0;
		};
/* End PBXResourcesBuildPhase section */

/* Begin PBXShellScriptBuildPhase section */
		183EDF78BF9FEA91B220E50E /* [CP] Copy Pods Resources */ = {
			isa = PBXShellScriptBuildPhase;
			buildActionMask = 2147483647;
			files = (
			);
			inputPaths = (
				"${SRCROOT}/Pods/Target Support Files/Pods-SafeNights/Pods-SafeNights-resources.sh",
				"${PODS_ROOT}/GoogleMaps/Maps/Frameworks/GoogleMaps.framework/Resources/GoogleMaps.bundle",
				"${PODS_ROOT}/GooglePlacePicker/Frameworks/GooglePlacePicker.framework/Resources/GooglePlacePicker.bundle",
				"${PODS_ROOT}/GooglePlaces/Frameworks/GooglePlaces.framework/Resources/GooglePlaces.bundle",
			);
			name = "[CP] Copy Pods Resources";
			outputPaths = (
				"${TARGET_BUILD_DIR}/${UNLOCALIZED_RESOURCES_FOLDER_PATH}",
			);
			runOnlyForDeploymentPostprocessing = 0;
			shellPath = /bin/sh;
			shellScript = "\"${SRCROOT}/Pods/Target Support Files/Pods-SafeNights/Pods-SafeNights-resources.sh\"\n";
			showEnvVarsInLog = 0;
		};
		B68EDB5A2E8A9315EB66C161 /* [CP] Check Pods Manifest.lock */ = {
			isa = PBXShellScriptBuildPhase;
			buildActionMask = 2147483647;
			files = (
			);
			inputPaths = (
				"${PODS_PODFILE_DIR_PATH}/Podfile.lock",
				"${PODS_ROOT}/Manifest.lock",
			);
			name = "[CP] Check Pods Manifest.lock";
			outputPaths = (
				"$(DERIVED_FILE_DIR)/Pods-SafeNights-checkManifestLockResult.txt",
			);
			runOnlyForDeploymentPostprocessing = 0;
			shellPath = /bin/sh;
			shellScript = "diff \"${PODS_PODFILE_DIR_PATH}/Podfile.lock\" \"${PODS_ROOT}/Manifest.lock\" > /dev/null\nif [ $? != 0 ] ; then\n    # print error to STDERR\n    echo \"error: The sandbox is not in sync with the Podfile.lock. Run 'pod install' or update your CocoaPods installation.\" >&2\n    exit 1\nfi\n# This output is used by Xcode 'outputs' to avoid re-running this script phase.\necho \"SUCCESS\" > \"${SCRIPT_OUTPUT_FILE_0}\"\n";
			showEnvVarsInLog = 0;
		};
		BBC92D6709DFD8566291A779 /* [CP] Embed Pods Frameworks */ = {
			isa = PBXShellScriptBuildPhase;
			buildActionMask = 2147483647;
			files = (
			);
			inputPaths = (
				"${SRCROOT}/Pods/Target Support Files/Pods-SafeNights/Pods-SafeNights-frameworks.sh",
				"${BUILT_PRODUCTS_DIR}/Charts/Charts.framework",
				"${BUILT_PRODUCTS_DIR}/JSONHelper/JSONHelper.framework",
				"${BUILT_PRODUCTS_DIR}/Siesta/Siesta.framework",
			);
			name = "[CP] Embed Pods Frameworks";
			outputPaths = (
				"${TARGET_BUILD_DIR}/${FRAMEWORKS_FOLDER_PATH}/Charts.framework",
				"${TARGET_BUILD_DIR}/${FRAMEWORKS_FOLDER_PATH}/JSONHelper.framework",
				"${TARGET_BUILD_DIR}/${FRAMEWORKS_FOLDER_PATH}/Siesta.framework",
			);
			runOnlyForDeploymentPostprocessing = 0;
			shellPath = /bin/sh;
			shellScript = "\"${SRCROOT}/Pods/Target Support Files/Pods-SafeNights/Pods-SafeNights-frameworks.sh\"\n";
			showEnvVarsInLog = 0;
		};
/* End PBXShellScriptBuildPhase section */

/* Begin PBXSourcesBuildPhase section */
		C54FC9051E95DCD900C34D3D /* Sources */ = {
			isa = PBXSourcesBuildPhase;
			buildActionMask = 2147483647;
			files = (
				C5F86ACF1ECA12FE00386404 /* CircularSeeker.swift in Sources */,
				C54FC90D1E95DCD900C34D3D /* AppDelegate.swift in Sources */,
				C54FC9231E95F16D00C34D3D /* LoginController.swift in Sources */,
				C5F86AC91EC6F41900386404 /* GetStartedController.swift in Sources */,
				73D671E01F4D1D7E00C9AEB0 /* Alcoholtable.swift in Sources */,
				73AA909A1F412E4D0004C849 /* PopDatePicker.swift in Sources */,
				C5B91DAC1F4DD3BB00CF8067 /* TrackingLocation.swift in Sources */,
				7353CFA71F451CFA006AAA92 /* LastNightController.swift in Sources */,
				73D671E21F4D1D7E00C9AEB0 /* Locationtable.swift in Sources */,
				73AA909C1F412E830004C849 /* PopDateViewController.swift in Sources */,
				C54D525A1E95FBC600F3EF41 /* MyAPI.swift in Sources */,
				C574244E1E9809F6006C6E77 /* AddDrinksController.swift in Sources */,
				C5B91DAE1F4DD9EF00CF8067 /* LocationSafetyChecker.swift in Sources */,
				C5F86ACB1EC6F4D200386404 /* HistoryController.swift in Sources */,
				C54FC9211E95E75C00C34D3D /* RegisterController.swift in Sources */,
				73D671E31F4D1D7E00C9AEB0 /* LocFields.swift in Sources */,
				73A691C11F3E0DF200348D16 /* SplashScreenController.swift in Sources */,
				C57424501E9AA4C2006C6E77 /* Global.swift in Sources */,
				73D671E11F4D1D7E00C9AEB0 /* Fields.swift in Sources */,
				73A691C71F3E0FF200348D16 /* TutorialController.swift in Sources */,
			);
			runOnlyForDeploymentPostprocessing = 0;
		};
/* End PBXSourcesBuildPhase section */

/* Begin PBXVariantGroup section */
		C54FC9101E95DCD900C34D3D /* Main.storyboard */ = {
			isa = PBXVariantGroup;
			children = (
				C54FC9111E95DCD900C34D3D /* Base */,
			);
			name = Main.storyboard;
			sourceTree = "<group>";
		};
		C54FC9151E95DCD900C34D3D /* LaunchScreen.storyboard */ = {
			isa = PBXVariantGroup;
			children = (
				C54FC9161E95DCD900C34D3D /* Base */,
			);
			name = LaunchScreen.storyboard;
			sourceTree = "<group>";
		};
/* End PBXVariantGroup section */

/* Begin XCBuildConfiguration section */
		C54FC9191E95DCD900C34D3D /* Debug */ = {
			isa = XCBuildConfiguration;
			buildSettings = {
				ALWAYS_SEARCH_USER_PATHS = NO;
				CLANG_ANALYZER_NONNULL = YES;
				CLANG_CXX_LANGUAGE_STANDARD = "gnu++0x";
				CLANG_CXX_LIBRARY = "libc++";
				CLANG_ENABLE_MODULES = YES;
				CLANG_ENABLE_OBJC_ARC = YES;
				CLANG_WARN_BOOL_CONVERSION = YES;
				CLANG_WARN_CONSTANT_CONVERSION = YES;
				CLANG_WARN_DIRECT_OBJC_ISA_USAGE = YES_ERROR;
				CLANG_WARN_DOCUMENTATION_COMMENTS = YES;
				CLANG_WARN_EMPTY_BODY = YES;
				CLANG_WARN_ENUM_CONVERSION = YES;
				CLANG_WARN_INFINITE_RECURSION = YES;
				CLANG_WARN_INT_CONVERSION = YES;
				CLANG_WARN_OBJC_ROOT_CLASS = YES_ERROR;
				CLANG_WARN_SUSPICIOUS_MOVE = YES;
				CLANG_WARN_UNREACHABLE_CODE = YES;
				CLANG_WARN__DUPLICATE_METHOD_MATCH = YES;
				"CODE_SIGN_IDENTITY[sdk=iphoneos*]" = "iPhone Developer";
				COPY_PHASE_STRIP = NO;
				DEBUG_INFORMATION_FORMAT = dwarf;
				ENABLE_STRICT_OBJC_MSGSEND = YES;
				ENABLE_TESTABILITY = YES;
				GCC_C_LANGUAGE_STANDARD = gnu99;
				GCC_DYNAMIC_NO_PIC = NO;
				GCC_NO_COMMON_BLOCKS = YES;
				GCC_OPTIMIZATION_LEVEL = 0;
				GCC_PREPROCESSOR_DEFINITIONS = (
					"DEBUG=1",
					"$(inherited)",
				);
				GCC_WARN_64_TO_32_BIT_CONVERSION = YES;
				GCC_WARN_ABOUT_RETURN_TYPE = YES_ERROR;
				GCC_WARN_UNDECLARED_SELECTOR = YES;
				GCC_WARN_UNINITIALIZED_AUTOS = YES_AGGRESSIVE;
				GCC_WARN_UNUSED_FUNCTION = YES;
				GCC_WARN_UNUSED_VARIABLE = YES;
				IPHONEOS_DEPLOYMENT_TARGET = 10.2;
				MTL_ENABLE_DEBUG_INFO = YES;
				ONLY_ACTIVE_ARCH = YES;
				SDKROOT = iphoneos;
				SWIFT_ACTIVE_COMPILATION_CONDITIONS = DEBUG;
				SWIFT_OPTIMIZATION_LEVEL = "-Onone";
				TARGETED_DEVICE_FAMILY = "1,2";
			};
			name = Debug;
		};
		C54FC91A1E95DCD900C34D3D /* Release */ = {
			isa = XCBuildConfiguration;
			buildSettings = {
				ALWAYS_SEARCH_USER_PATHS = NO;
				CLANG_ANALYZER_NONNULL = YES;
				CLANG_CXX_LANGUAGE_STANDARD = "gnu++0x";
				CLANG_CXX_LIBRARY = "libc++";
				CLANG_ENABLE_MODULES = YES;
				CLANG_ENABLE_OBJC_ARC = YES;
				CLANG_WARN_BOOL_CONVERSION = YES;
				CLANG_WARN_CONSTANT_CONVERSION = YES;
				CLANG_WARN_DIRECT_OBJC_ISA_USAGE = YES_ERROR;
				CLANG_WARN_DOCUMENTATION_COMMENTS = YES;
				CLANG_WARN_EMPTY_BODY = YES;
				CLANG_WARN_ENUM_CONVERSION = YES;
				CLANG_WARN_INFINITE_RECURSION = YES;
				CLANG_WARN_INT_CONVERSION = YES;
				CLANG_WARN_OBJC_ROOT_CLASS = YES_ERROR;
				CLANG_WARN_SUSPICIOUS_MOVE = YES;
				CLANG_WARN_UNREACHABLE_CODE = YES;
				CLANG_WARN__DUPLICATE_METHOD_MATCH = YES;
				"CODE_SIGN_IDENTITY[sdk=iphoneos*]" = "iPhone Developer";
				COPY_PHASE_STRIP = NO;
				DEBUG_INFORMATION_FORMAT = "dwarf-with-dsym";
				ENABLE_NS_ASSERTIONS = NO;
				ENABLE_STRICT_OBJC_MSGSEND = YES;
				GCC_C_LANGUAGE_STANDARD = gnu99;
				GCC_NO_COMMON_BLOCKS = YES;
				GCC_WARN_64_TO_32_BIT_CONVERSION = YES;
				GCC_WARN_ABOUT_RETURN_TYPE = YES_ERROR;
				GCC_WARN_UNDECLARED_SELECTOR = YES;
				GCC_WARN_UNINITIALIZED_AUTOS = YES_AGGRESSIVE;
				GCC_WARN_UNUSED_FUNCTION = YES;
				GCC_WARN_UNUSED_VARIABLE = YES;
				IPHONEOS_DEPLOYMENT_TARGET = 10.2;
				MTL_ENABLE_DEBUG_INFO = NO;
				SDKROOT = iphoneos;
				SWIFT_OPTIMIZATION_LEVEL = "-Owholemodule";
				TARGETED_DEVICE_FAMILY = "1,2";
				VALIDATE_PRODUCT = YES;
			};
			name = Release;
		};
		C54FC91C1E95DCD900C34D3D /* Debug */ = {
			isa = XCBuildConfiguration;
			baseConfigurationReference = DAB43022EDCC0D134F9206B0 /* Pods-SafeNights.debug.xcconfig */;
			buildSettings = {
				ASSETCATALOG_COMPILER_APPICON_NAME = AppIcon;
				FRAMEWORK_SEARCH_PATHS = (
					"$(inherited)",
					"$(PROJECT_DIR)/build/Debug-iphoneos",
				);
				INFOPLIST_FILE = SafeNights/Info.plist;
				LD_RUNPATH_SEARCH_PATHS = "$(inherited) @executable_path/Frameworks";
				PRODUCT_BUNDLE_IDENTIFIER = com.SafeNights.SafeNights;
				PRODUCT_NAME = "$(TARGET_NAME)";
				SWIFT_VERSION = 3.0;
			};
			name = Debug;
		};
		C54FC91D1E95DCD900C34D3D /* Release */ = {
			isa = XCBuildConfiguration;
			baseConfigurationReference = 48F085B45E70CF48635816CE /* Pods-SafeNights.release.xcconfig */;
			buildSettings = {
				ASSETCATALOG_COMPILER_APPICON_NAME = AppIcon;
				FRAMEWORK_SEARCH_PATHS = (
					"$(inherited)",
					"$(PROJECT_DIR)/build/Debug-iphoneos",
				);
				INFOPLIST_FILE = SafeNights/Info.plist;
				LD_RUNPATH_SEARCH_PATHS = "$(inherited) @executable_path/Frameworks";
				PRODUCT_BUNDLE_IDENTIFIER = com.SafeNights.SafeNights;
				PRODUCT_NAME = "$(TARGET_NAME)";
				SWIFT_VERSION = 3.0;
			};
			name = Release;
		};
/* End XCBuildConfiguration section */

/* Begin XCConfigurationList section */
		C54FC9041E95DCD900C34D3D /* Build configuration list for PBXProject "SafeNights" */ = {
			isa = XCConfigurationList;
			buildConfigurations = (
				C54FC9191E95DCD900C34D3D /* Debug */,
				C54FC91A1E95DCD900C34D3D /* Release */,
			);
			defaultConfigurationIsVisible = 0;
			defaultConfigurationName = Release;
		};
		C54FC91B1E95DCD900C34D3D /* Build configuration list for PBXNativeTarget "SafeNights" */ = {
			isa = XCConfigurationList;
			buildConfigurations = (
				C54FC91C1E95DCD900C34D3D /* Debug */,
				C54FC91D1E95DCD900C34D3D /* Release */,
			);
			defaultConfigurationIsVisible = 0;
			defaultConfigurationName = Release;
		};
/* End XCConfigurationList section */
	};
	rootObject = C54FC9011E95DCD900C34D3D /* Project object */;
}
